
Microsoft Visual Studio Solution File, Format Version 12.00
# Visual Studio Version 16
VisualStudioVersion = 16.0.30330.147
MinimumVisualStudioVersion = 10.0.40219.1
Project("{FAE04EC0-301F-11D3-BF4B-00C04F79EFBC}") = "Silo", "Silo\Silo.csproj", "{EB0CAA07-45DF-4B13-BC8A-3A5D1848756F}"
EndProject
Project("{FAE04EC0-301F-11D3-BF4B-00C04F79EFBC}") = "Client", "Client\Client.csproj", "{4255ECBF-4CD3-420B-B153-B17D7392BDCC}"
EndProject
Project("{FAE04EC0-301F-11D3-BF4B-00C04F79EFBC}") = "GrainInterfaces", "GrainInterfaces\GrainInterfaces.csproj", "{610626AD-8B39-490A-9EBC-E336E4643DEA}"
EndProject
Project("{FAE04EC0-301F-11D3-BF4B-00C04F79EFBC}") = "Grains", "Grains\Grains.csproj", "{26A9A631-4F40-4817-890F-57E25D553CBF}"
EndProject
Global
	GlobalSection(SolutionConfigurationPlatforms) = preSolution
		Debug|Any CPU = Debug|Any CPU
		Release|Any CPU = Release|Any CPU
	EndGlobalSection
	GlobalSection(ProjectConfigurationPlatforms) = postSolution
		{EB0CAA07-45DF-4B13-BC8A-3A5D1848756F}.Debug|Any CPU.ActiveCfg = Debug|Any CPU
		{EB0CAA07-45DF-4B13-BC8A-3A5D1848756F}.Debug|Any CPU.Build.0 = Debug|Any CPU
		{EB0CAA07-45DF-4B13-BC8A-3A5D1848756F}.Release|Any CPU.ActiveCfg = Release|Any CPU
		{EB0CAA07-45DF-4B13-BC8A-3A5D1848756F}.Release|Any CPU.Build.0 = Release|Any CPU
		{4255ECBF-4CD3-420B-B153-B17D7392BDCC}.Debug|Any CPU.ActiveCfg = Debug|Any CPU
		{4255ECBF-4CD3-420B-B153-B17D7392BDCC}.Debug|Any CPU.Build.0 = Debug|Any CPU
		{4255ECBF-4CD3-420B-B153-B17D7392BDCC}.Release|Any CPU.ActiveCfg = Release|Any CPU
		{4255ECBF-4CD3-420B-B153-B17D7392BDCC}.Release|Any CPU.Build.0 = Release|Any CPU
		{610626AD-8B39-490A-9EBC-E336E4643DEA}.Debug|Any CPU.ActiveCfg = Debug|Any CPU
		{610626AD-8B39-490A-9EBC-E336E4643DEA}.Debug|Any CPU.Build.0 = Debug|Any CPU
		{610626AD-8B39-490A-9EBC-E336E4643DEA}.Release|Any CPU.ActiveCfg = Release|Any CPU
		{610626AD-8B39-490A-9EBC-E336E4643DEA}.Release|Any CPU.Build.0 = Release|Any CPU
		{26A9A631-4F40-4817-890F-57E25D553CBF}.Debug|Any CPU.ActiveCfg = Debug|Any CPU
		{26A9A631-4F40-4817-890F-57E25D553CBF}.Debug|Any CPU.Build.0 = Debug|Any CPU
		{26A9A631-4F40-4817-890F-57E25D553CBF}.Release|Any CPU.ActiveCfg = Release|Any CPU
		{26A9A631-4F40-4817-890F-57E25D553CBF}.Release|Any CPU.Build.0 = Release|Any CPU
	EndGlobalSection
	GlobalSection(SolutionProperties) = preSolution
		HideSolutionNode = FALSE
	EndGlobalSection
	GlobalSection(ExtensibilityGlobals) = postSolution
		SolutionGuid = {79012F64-34B7-4A14-9D88-F0C2A6833E4F}
	EndGlobalSection
EndGlobal
